// !$*UTF8*$!
{
	archiveVersion = 1;
	classes = {
	};
	objectVersion = 46;
	objects = {

/* Begin PBXBuildFile section */
		75F78EE01CA7D491005F6B99 /* AppDelegate.swift in Sources */ = {isa = PBXBuildFile; fileRef = 75F78EDF1CA7D491005F6B99 /* AppDelegate.swift */; };
		75F78EE21CA7D491005F6B99 /* ViewController.swift in Sources */ = {isa = PBXBuildFile; fileRef = 75F78EE11CA7D491005F6B99 /* ViewController.swift */; };
		75F78EE51CA7D491005F6B99 /* Main.storyboard in Resources */ = {isa = PBXBuildFile; fileRef = 75F78EE31CA7D491005F6B99 /* Main.storyboard */; };
		75F78EE71CA7D491005F6B99 /* Assets.xcassets in Resources */ = {isa = PBXBuildFile; fileRef = 75F78EE61CA7D491005F6B99 /* Assets.xcassets */; };
		75F78EEA1CA7D491005F6B99 /* LaunchScreen.storyboard in Resources */ = {isa = PBXBuildFile; fileRef = 75F78EE81CA7D491005F6B99 /* LaunchScreen.storyboard */; };
/* End PBXBuildFile section */

/* Begin PBXFileReference section */
		75F78EDC1CA7D491005F6B99 /* parents.app */ = {isa = PBXFileReference; explicitFileType = wrapper.application; includeInIndex = 0; path = parents.app; sourceTree = BUILT_PRODUCTS_DIR; };
		75F78EDF1CA7D491005F6B99 /* AppDelegate.swift */ = {isa = PBXFileReference; lastKnownFileType = sourcecode.swift; path = AppDelegate.swift; sourceTree = "<group>"; };
		75F78EE11CA7D491005F6B99 /* ViewController.swift */ = {isa = PBXFileReference; lastKnownFileType = sourcecode.swift; path = ViewController.swift; sourceTree = "<group>"; };
		75F78EE41CA7D491005F6B99 /* Base */ = {isa = PBXFileReference; lastKnownFileType = file.storyboard; name = Base; path = Base.lproj/Main.storyboard; sourceTree = "<group>"; };
		75F78EE61CA7D491005F6B99 /* Assets.xcassets */ = {isa = PBXFileReference; lastKnownFileType = folder.assetcatalog; path = Assets.xcassets; sourceTree = "<group>"; };
		75F78EE91CA7D491005F6B99 /* Base */ = {isa = PBXFileReference; lastKnownFileType = file.storyboard; name = Base; path = Base.lproj/LaunchScreen.storyboard; sourceTree = "<group>"; };
		75F78EEB1CA7D491005F6B99 /* Info.plist */ = {isa = PBXFileReference; lastKnownFileType = text.plist.xml; path = Info.plist; sourceTree = "<group>"; };
/* End PBXFileReference section */

/* Begin PBXFrameworksBuildPhase section */
		75F78ED91CA7D491005F6B99 /* Frameworks */ = {
			isa = PBXFrameworksBuildPhase;
			buildActionMask = 2147483647;
			files = (
			);
			runOnlyForDeploymentPostprocessing = 0;
		};
/* End PBXFrameworksBuildPhase section */

/* Begin PBXGroup section */
		75F78ED31CA7D491005F6B99 = {
			isa = PBXGroup;
			children = (
				75F78EDE1CA7D491005F6B99 /* parents */,
				75F78EDD1CA7D491005F6B99 /* Products */,
			);
			sourceTree = "<group>";
		};
		75F78EDD1CA7D491005F6B99 /* Products */ = {
			isa = PBXGroup;
			children = (
				75F78EDC1CA7D491005F6B99 /* parents.app */,
			);
			name = Products;
			sourceTree = "<group>";
		};
		75F78EDE1CA7D491005F6B99 /* parents */ = {
			isa = PBXGroup;
			children = (
				75F78EDF1CA7D491005F6B99 /* AppDelegate.swift */,
				75F78EE11CA7D491005F6B99 /* ViewController.swift */,
				75F78EE31CA7D491005F6B99 /* Main.storyboard */,
				75F78EE61CA7D491005F6B99 /* Assets.xcassets */,
				75F78EE81CA7D491005F6B99 /* LaunchScreen.storyboard */,
				75F78EEB1CA7D491005F6B99 /* Info.plist */,
			);
			path = parents;
			sourceTree = "<group>";
		};
/* End PBXGroup section */

/* Begin PBXNativeTarget section */
		75F78EDB1CA7D491005F6B99 /* parents */ = {
			isa = PBXNativeTarget;
			buildConfigurationList = 75F78EEE1CA7D491005F6B99 /* Build configuration list for PBXNativeTarget "parents" */;
			buildPhases = (
				75F78ED81CA7D491005F6B99 /* Sources */,
				75F78ED91CA7D491005F6B99 /* Frameworks */,
				75F78EDA1CA7D491005F6B99 /* Resources */,
			);
			buildRules = (
			);
			dependencies = (
			);
			name = parents;
			productName = parents;
			productReference = 75F78EDC1CA7D491005F6B99 /* parents.app */;
			productType = "com.apple.product-type.application";
		};
/* End PBXNativeTarget section */

/* Begin PBXProject section */
		75F78ED41CA7D491005F6B99 /* Project object */ = {
			isa = PBXProject;
			attributes = {
				LastSwiftUpdateCheck = 0720;
				LastUpgradeCheck = 0720;
				ORGANIZATIONNAME = com.nekot9;
				TargetAttributes = {
					75F78EDB1CA7D491005F6B99 = {
						CreatedOnToolsVersion = 7.2.1;
					};
				};
			};
			buildConfigurationList = 75F78ED71CA7D491005F6B99 /* Build configuration list for PBXProject "parents" */;
			compatibilityVersion = "Xcode 3.2";
			developmentRegion = English;
			hasScannedForEncodings = 0;
			knownRegions = (
				en,
				Base,
			);
			mainGroup = 75F78ED31CA7D491005F6B99;
			productRefGroup = 75F78EDD1CA7D491005F6B99 /* Products */;
			projectDirPath = "";
			projectRoot = "";
			targets = (
				75F78EDB1CA7D491005F6B99 /* parents */,
			);
		};
/* End PBXProject section */

/* Begin PBXResourcesBuildPhase section */
		75F78EDA1CA7D491005F6B99 /* Resources */ = {
			isa = PBXResourcesBuildPhase;
			buildActionMask = 2147483647;
			files = (
				75F78EEA1CA7D491005F6B99 /* LaunchScreen.storyboard in Resources */,
				75F78EE71CA7D491005F6B99 /* Assets.xcassets in Resources */,
				75F78EE51CA7D491005F6B99 /* Main.storyboard in Resources */,
			);
			runOnlyForDeploymentPostprocessing = 0;
		};
/* End PBXResourcesBuildPhase section */

/* Begin PBXSourcesBuildPhase section */
		75F78ED81CA7D491005F6B99 /* Sources */ = {
			isa = PBXSourcesBuildPhase;
			buildActionMask = 2147483647;
			files = (
				75F78EE21CA7D491005F6B99 /* ViewController.swift in Sources */,
				75F78EE01CA7D491005F6B99 /* AppDelegate.swift in Sources */,
			);
			runOnlyForDeploymentPostprocessing = 0;
		};
/* End PBXSourcesBuildPhase section */

/* Begin PBXVariantGroup section */
		75F78EE31CA7D491005F6B99 /* Main.storyboard */ = {
			isa = PBXVariantGroup;
			children = (
				75F78EE41CA7D491005F6B99 /* Base */,
			);
			name = Main.storyboard;
			sourceTree = "<group>";
		};
		75F78EE81CA7D491005F6B99 /* LaunchScreen.storyboard */ = {
			isa = PBXVariantGroup;
			children = (
				75F78EE91CA7D491005F6B99 /* Base */,
			);
			name = LaunchScreen.storyboard;
			sourceTree = "<group>";
		};
/* End PBXVariantGroup section */

/* Begin XCBuildConfiguration section */
		75F78EEC1CA7D491005F6B99 /* Debug */ = {
			isa = XCBuildConfiguration;
			buildSettings = {
				ALWAYS_SEARCH_USER_PATHS = NO;
				CLANG_CXX_LANGUAGE_STANDARD = "gnu++0x";
				CLANG_CXX_LIBRARY = "libc++";
				CLANG_ENABLE_MODULES = YES;
				CLANG_ENABLE_OBJC_ARC = YES;
				CLANG_WARN_BOOL_CONVERSION = YES;
				CLANG_WARN_CONSTANT_CONVERSION = YES;
				CLANG_WARN_DIRECT_OBJC_ISA_USAGE = YES_ERROR;
				CLANG_WARN_EMPTY_BODY = YES;
				CLANG_WARN_ENUM_CONVERSION = YES;
				CLANG_WARN_INT_CONVERSION = YES;
				CLANG_WARN_OBJC_ROOT_CLASS = YES_ERROR;
				CLANG_WARN_UNREACHABLE_CODE = YES;
				CLANG_WARN__DUPLICATE_METHOD_MATCH = YES;
				"CODE_SIGN_IDENTITY[sdk=iphoneos*]" = "iPhone Developer";
				COPY_PHASE_STRIP = NO;
				DEBUG_INFORMATION_FORMAT = dwarf;
				ENABLE_STRICT_OBJC_MSGSEND = YES;
				ENABLE_TESTABILITY = YES;
				GCC_C_LANGUAGE_STANDARD = gnu99;
				GCC_DYNAMIC_NO_PIC = NO;
				GCC_NO_COMMON_BLOCKS = YES;
				GCC_OPTIMIZATION_LEVEL = 0;
				GCC_PREPROCESSOR_DEFINITIONS = (
					"DEBUG=1",
					"$(inherited)",
				);
				GCC_WARN_64_TO_32_BIT_CONVERSION = YES;
				GCC_WARN_ABOUT_RETURN_TYPE = YES_ERROR;
				GCC_WARN_UNDECLARED_SELECTOR = YES;
				GCC_WARN_UNINITIALIZED_AUTOS = YES_AGGRESSIVE;
				GCC_WARN_UNUSED_FUNCTION = YES;
				GCC_WARN_UNUSED_VARIABLE = YES;
				IPHONEOS_DEPLOYMENT_TARGET = 9.2;
				MTL_ENABLE_DEBUG_INFO = YES;
				ONLY_ACTIVE_ARCH = YES;
				SDKROOT = iphoneos;
				SWIFT_OPTIMIZATION_LEVEL = "-Onone";
				TARGETED_DEVICE_FAMILY = "1,2";
			};
			name = Debug;
		};
		75F78EED1CA7D491005F6B99 /* Release */ = {
			isa = XCBuildConfiguration;
			buildSettings = {
				ALWAYS_SEARCH_USER_PATHS = NO;
				CLANG_CXX_LANGUAGE_STANDARD = "gnu++0x";
				CLANG_CXX_LIBRARY = "libc++";
				CLANG_ENABLE_MODULES = YES;
				CLANG_ENABLE_OBJC_ARC = YES;
				CLANG_WARN_BOOL_CONVERSION = YES;
				CLANG_WARN_CONSTANT_CONVERSION = YES;
				CLANG_WARN_DIRECT_OBJC_ISA_USAGE = YES_ERROR;
				CLANG_WARN_EMPTY_BODY = YES;
				CLANG_WARN_ENUM_CONVERSION = YES;
				CLANG_WARN_INT_CONVERSION = YES;
				CLANG_WARN_OBJC_ROOT_CLASS = YES_ERROR;
				CLANG_WARN_UNREACHABLE_CODE = YES;
				CLANG_WARN__DUPLICATE_METHOD_MATCH = YES;
				"CODE_SIGN_IDENTITY[sdk=iphoneos*]" = "iPhone Developer";
				COPY_PHASE_STRIP = NO;
				DEBUG_INFORMATION_FORMAT = "dwarf-with-dsym";
				ENABLE_NS_ASSERTIONS = NO;
				ENABLE_STRICT_OBJC_MSGSEND = YES;
				GCC_C_LANGUAGE_STANDARD = gnu99;
				GCC_NO_COMMON_BLOCKS = YES;
				GCC_WARN_64_TO_32_BIT_CONVERSION = YES;
				GCC_WARN_ABOUT_RETURN_TYPE = YES_ERROR;
				GCC_WARN_UNDECLARED_SELECTOR = YES;
				GCC_WARN_UNINITIALIZED_AUTOS = YES_AGGRESSIVE;
				GCC_WARN_UNUSED_FUNCTION = YES;
				GCC_WARN_UNUSED_VARIABLE = YES;
				IPHONEOS_DEPLOYMENT_TARGET = 9.2;
				MTL_ENABLE_DEBUG_INFO = NO;
				SDKROOT = iphoneos;
				TARGETED_DEVICE_FAMILY = "1,2";
				VALIDATE_PRODUCT = YES;
			};
			name = Release;
		};
		75F78EEF1CA7D491005F6B99 /* Debug */ = {
			isa = XCBuildConfiguration;
			buildSettings = {
				ASSETCATALOG_COMPILER_APPICON_NAME = AppIcon;
				INFOPLIST_FILE = parents/Info.plist;
				LD_RUNPATH_SEARCH_PATHS = "$(inherited) @executable_path/Frameworks";
				PRODUCT_BUNDLE_IDENTIFIER = com.swift1.parents;
				PRODUCT_NAME = "$(TARGET_NAME)";
			};
			name = Debug;
		};
		75F78EF01CA7D491005F6B99 /* Release */ = {
			isa = XCBuildConfiguration;
			buildSettings = {
				ASSETCATALOG_COMPILER_APPICON_NAME = AppIcon;
				INFOPLIST_FILE = parents/Info.plist;
				LD_RUNPATH_SEARCH_PATHS = "$(inherited) @executable_path/Frameworks";
				PRODUCT_BUNDLE_IDENTIFIER = com.swift1.parents;
				PRODUCT_NAME = "$(TARGET_NAME)";
			};
			name = Release;
		};
/* End XCBuildConfiguration section */

/* Begin XCConfigurationList section */
		75F78ED71CA7D491005F6B99 /* Build configuration list for PBXProject "parents" */ = {
			isa = XCConfigurationList;
			buildConfigurations = (
				75F78EEC1CA7D491005F6B99 /* Debug */,
				75F78EED1CA7D491005F6B99 /* Release */,
			);
			defaultConfigurationIsVisible = 0;
			defaultConfigurationName = Release;
		};
		75F78EEE1CA7D491005F6B99 /* Build configuration list for PBXNativeTarget "parents" */ = {
			isa = XCConfigurationList;
			buildConfigurations = (
				75F78EEF1CA7D491005F6B99 /* Debug */,
				75F78EF01CA7D491005F6B99 /* Release */,
			);
			defaultConfigurationIsVisible = 0;
		};
/* End XCConfigurationList section */
	};
	rootObject = 75F78ED41CA7D491005F6B99 /* Project object */;
}
